Microsoft Visual Studio Solution File, Format Version 12.00
# Visual Studio Version 17
VisualStudioVersion = 17.5.2.0
MinimumVisualStudioVersion = 10.0.40219.1
Project("{2150E333-8FDC-42A3-9474-1A3956D46DE8}") = "src", "src", "{827E0CD3-B72D-47B6-A68D-7590B98EB39B}"
EndProject
Project("{2150E333-8FDC-42A3-9474-1A3956D46DE8}") = "tests", "tests", "{0AB3BF05-4346-4AA6-1389-037BE0695223}"
EndProject
Project("{FAE04EC0-301F-11D3-BF4B-00C04F79EFBC}") = "CompraProgramada.Api", "src\CompraProgramada.Api\CompraProgramada.Api.csproj", "{EA6D1B33-B044-3BD3-ED71-48BC135C6A79}"
EndProject
Project("{FAE04EC0-301F-11D3-BF4B-00C04F79EFBC}") = "CompraProgramada.Application", "src\CompraProgramada.Application\CompraProgramada.Application.csproj", "{47FAF1B7-FCF4-8E7A-4324-7CB8C2E2B2F2}"
EndProject
Project("{FAE04EC0-301F-11D3-BF4B-00C04F79EFBC}") = "CompraProgramada.Domain", "src\CompraProgramada.Domain\CompraProgramada.Domain.csproj", "{8979F900-90E9-2C68-A39A-FF93738D5C4D}"
EndProject
Project("{FAE04EC0-301F-11D3-BF4B-00C04F79EFBC}") = "CompraProgramada.Infrastructure", "src\CompraProgramada.Infrastructure\CompraProgramada.Infrastructure.csproj", "{D3A40B65-1737-ADBC-610E-CD40A7A988C9}"
EndProject
Project("{FAE04EC0-301F-11D3-BF4B-00C04F79EFBC}") = "CompraProgramada.Tests", "tests\CompraProgramada.Tests\CompraProgramada.Tests.csproj", "{3E5D1C67-C209-A368-D0F8-4B0EA8A88C44}"
EndProject
Global
	GlobalSection(SolutionConfigurationPlatforms) = preSolution
		Debug|Any CPU = Debug|Any CPU
		Release|Any CPU = Release|Any CPU
	EndGlobalSection
	GlobalSection(ProjectConfigurationPlatforms) = postSolution
		{EA6D1B33-B044-3BD3-ED71-48BC135C6A79}.Debug|Any CPU.ActiveCfg = Debug|Any CPU
		{EA6D1B33-B044-3BD3-ED71-48BC135C6A79}.Debug|Any CPU.Build.0 = Debug|Any CPU
		{EA6D1B33-B044-3BD3-ED71-48BC135C6A79}.Release|Any CPU.ActiveCfg = Release|Any CPU
		{EA6D1B33-B044-3BD3-ED71-48BC135C6A79}.Release|Any CPU.Build.0 = Release|Any CPU
		{47FAF1B7-FCF4-8E7A-4324-7CB8C2E2B2F2}.Debug|Any CPU.ActiveCfg = Debug|Any CPU
		{47FAF1B7-FCF4-8E7A-4324-7CB8C2E2B2F2}.Debug|Any CPU.Build.0 = Debug|Any CPU
		{47FAF1B7-FCF4-8E7A-4324-7CB8C2E2B2F2}.Release|Any CPU.ActiveCfg = Release|Any CPU
		{47FAF1B7-FCF4-8E7A-4324-7CB8C2E2B2F2}.Release|Any CPU.Build.0 = Release|Any CPU
		{8979F900-90E9-2C68-A39A-FF93738D5C4D}.Debug|Any CPU.ActiveCfg = Debug|Any CPU
		{8979F900-90E9-2C68-A39A-FF93738D5C4D}.Debug|Any CPU.Build.0 = Debug|Any CPU
		{8979F900-90E9-2C68-A39A-FF93738D5C4D}.Release|Any CPU.ActiveCfg = Release|Any CPU
		{8979F900-90E9-2C68-A39A-FF93738D5C4D}.Release|Any CPU.Build.0 = Release|Any CPU
		{D3A40B65-1737-ADBC-610E-CD40A7A988C9}.Debug|Any CPU.ActiveCfg = Debug|Any CPU
		{D3A40B65-1737-ADBC-610E-CD40A7A988C9}.Debug|Any CPU.Build.0 = Debug|Any CPU
		{D3A40B65-1737-ADBC-610E-CD40A7A988C9}.Release|Any CPU.ActiveCfg = Release|Any CPU
		{D3A40B65-1737-ADBC-610E-CD40A7A988C9}.Release|Any CPU.Build.0 = Release|Any CPU
		{3E5D1C67-C209-A368-D0F8-4B0EA8A88C44}.Debug|Any CPU.ActiveCfg = Debug|Any CPU
		{3E5D1C67-C209-A368-D0F8-4B0EA8A88C44}.Debug|Any CPU.Build.0 = Debug|Any CPU
		{3E5D1C67-C209-A368-D0F8-4B0EA8A88C44}.Release|Any CPU.ActiveCfg = Release|Any CPU
		{3E5D1C67-C209-A368-D0F8-4B0EA8A88C44}.Release|Any CPU.Build.0 = Release|Any CPU
	EndGlobalSection
	GlobalSection(SolutionProperties) = preSolution
		HideSolutionNode = FALSE
	EndGlobalSection
	GlobalSection(NestedProjects) = preSolution
		{EA6D1B33-B044-3BD3-ED71-48BC135C6A79} = {827E0CD3-B72D-47B6-A68D-7590B98EB39B}
		{47FAF1B7-FCF4-8E7A-4324-7CB8C2E2B2F2} = {827E0CD3-B72D-47B6-A68D-7590B98EB39B}
		{8979F900-90E9-2C68-A39A-FF93738D5C4D} = {827E0CD3-B72D-47B6-A68D-7590B98EB39B}
		{D3A40B65-1737-ADBC-610E-CD40A7A988C9} = {827E0CD3-B72D-47B6-A68D-7590B98EB39B}
		{3E5D1C67-C209-A368-D0F8-4B0EA8A88C44} = {0AB3BF05-4346-4AA6-1389-037BE0695223}
	EndGlobalSection
	GlobalSection(ExtensibilityGlobals) = postSolution
		SolutionGuid = {4FB803A7-B91D-42EB-B743-92CEE4B2B68E}
	EndGlobalSection
EndGlobal
